
Microsoft Visual Studio Solution File, Format Version 12.00
# Visual Studio Version 16
VisualStudioVersion = 16.0.31911.196
MinimumVisualStudioVersion = 10.0.40219.1
Project("{FAE04EC0-301F-11D3-BF4B-00C04F79EFBC}") = "WPF 6", "WPF 6\WPF 6.csproj", "{FAA28F6A-9435-4948-8CD3-5B97A27EA63F}"
EndProject
Global
	GlobalSection(SolutionConfigurationPlatforms) = preSolution
		Debug|Any CPU = Debug|Any CPU
		Release|Any CPU = Release|Any CPU
	EndGlobalSection
	GlobalSection(ProjectConfigurationPlatforms) = postSolution
		{FAA28F6A-9435-4948-8CD3-5B97A27EA63F}.Debug|Any CPU.ActiveCfg = Debug|Any CPU
		{FAA28F6A-9435-4948-8CD3-5B97A27EA63F}.Debug|Any CPU.Build.0 = Debug|Any CPU
		{FAA28F6A-9435-4948-8CD3-5B97A27EA63F}.Release|Any CPU.ActiveCfg = Release|Any CPU
		{FAA28F6A-9435-4948-8CD3-5B97A27EA63F}.Release|Any CPU.Build.0 = Release|Any CPU
	EndGlobalSection
	GlobalSection(SolutionProperties) = preSolution
		HideSolutionNode = FALSE
	EndGlobalSection
	GlobalSection(ExtensibilityGlobals) = postSolution
		SolutionGuid = {28CCE790-94B7-47D5-AA18-E2830DC174B3}
	EndGlobalSection
EndGlobal
